
Microsoft Visual Studio Solution File, Format Version 12.00
# Visual Studio Version 17
VisualStudioVersion = 17.10.35122.118
MinimumVisualStudioVersion = 10.0.40219.1
Project("{FAE04EC0-301F-11D3-BF4B-00C04F79EFBC}") = "Library_of_Books", "Library_of_Books\Library_of_Books.csproj", "{7D82CB99-F1D7-401D-B57C-8A519B817880}"
EndProject
Global
	GlobalSection(SolutionConfigurationPlatforms) = preSolution
		Debug|Any CPU = Debug|Any CPU
		Release|Any CPU = Release|Any CPU
	EndGlobalSection
	GlobalSection(ProjectConfigurationPlatforms) = postSolution
		{7D82CB99-F1D7-401D-B57C-8A519B817880}.Debug|Any CPU.ActiveCfg = Debug|Any CPU
		{7D82CB99-F1D7-401D-B57C-8A519B817880}.Debug|Any CPU.Build.0 = Debug|Any CPU
		{7D82CB99-F1D7-401D-B57C-8A519B817880}.Release|Any CPU.ActiveCfg = Release|Any CPU
		{7D82CB99-F1D7-401D-B57C-8A519B817880}.Release|Any CPU.Build.0 = Release|Any CPU
	EndGlobalSection
	GlobalSection(SolutionProperties) = preSolution
		HideSolutionNode = FALSE
	EndGlobalSection
	GlobalSection(ExtensibilityGlobals) = postSolution
		SolutionGuid = {786AC432-A184-4C90-A7E7-451E82C7BEB8}
	EndGlobalSection
EndGlobal
